// !$*UTF8*$!
{
	archiveVersion = 1;
	classes = {
	};
	objectVersion = 50;
	objects = {

/* Begin PBXBuildFile section */
		AE4C73E120F74F7200156158 /* AppDelegate.swift in Sources */ = {isa = PBXBuildFile; fileRef = AE4C73E020F74F7200156158 /* AppDelegate.swift */; };
		AE4C73E320F74F7200156158 /* ViewController.swift in Sources */ = {isa = PBXBuildFile; fileRef = AE4C73E220F74F7200156158 /* ViewController.swift */; };
		AE4C73E620F74F7200156158 /* Main.storyboard in Resources */ = {isa = PBXBuildFile; fileRef = AE4C73E420F74F7200156158 /* Main.storyboard */; };
		AE4C73E820F74F7400156158 /* Assets.xcassets in Resources */ = {isa = PBXBuildFile; fileRef = AE4C73E720F74F7400156158 /* Assets.xcassets */; };
		AE4C73EB20F74F7400156158 /* LaunchScreen.storyboard in Resources */ = {isa = PBXBuildFile; fileRef = AE4C73E920F74F7400156158 /* LaunchScreen.storyboard */; };
		AE4C73FA20F7818F00156158 /* alarm_beep.wav in Resources */ = {isa = PBXBuildFile; fileRef = AE4C73F920F7818F00156158 /* alarm_beep.wav */; };
		AE4D92272266662E002E715B /* parkingReminderSound.wav in Resources */ = {isa = PBXBuildFile; fileRef = AE4D92262266662E002E715B /* parkingReminderSound.wav */; };
/* End PBXBuildFile section */

/* Begin PBXFileReference section */
		AE4C73DD20F74F7200156158 /* Car Park Reminder App.app */ = {isa = PBXFileReference; explicitFileType = wrapper.application; includeInIndex = 0; path = "Car Park Reminder App.app"; sourceTree = BUILT_PRODUCTS_DIR; };
		AE4C73E020F74F7200156158 /* AppDelegate.swift */ = {isa = PBXFileReference; lastKnownFileType = sourcecode.swift; path = AppDelegate.swift; sourceTree = "<group>"; };
		AE4C73E220F74F7200156158 /* ViewController.swift */ = {isa = PBXFileReference; lastKnownFileType = sourcecode.swift; path = ViewController.swift; sourceTree = "<group>"; };
		AE4C73E520F74F7200156158 /* Base */ = {isa = PBXFileReference; lastKnownFileType = file.storyboard; name = Base; path = Base.lproj/Main.storyboard; sourceTree = "<group>"; };
		AE4C73E720F74F7400156158 /* Assets.xcassets */ = {isa = PBXFileReference; lastKnownFileType = folder.assetcatalog; path = Assets.xcassets; sourceTree = "<group>"; };
		AE4C73EA20F74F7400156158 /* Base */ = {isa = PBXFileReference; lastKnownFileType = file.storyboard; name = Base; path = Base.lproj/LaunchScreen.storyboard; sourceTree = "<group>"; };
		AE4C73EC20F74F7400156158 /* Info.plist */ = {isa = PBXFileReference; lastKnownFileType = text.plist.xml; path = Info.plist; sourceTree = "<group>"; };
		AE4C73F920F7818F00156158 /* alarm_beep.wav */ = {isa = PBXFileReference; lastKnownFileType = audio.wav; path = alarm_beep.wav; sourceTree = "<group>"; };
		AE4D92262266662E002E715B /* parkingReminderSound.wav */ = {isa = PBXFileReference; lastKnownFileType = audio.wav; path = parkingReminderSound.wav; sourceTree = "<group>"; };
/* End PBXFileReference section */

/* Begin PBXFrameworksBuildPhase section */
		AE4C73DA20F74F7200156158 /* Frameworks */ = {
			isa = PBXFrameworksBuildPhase;
			buildActionMask = 2147483647;
			files = (
			);
			runOnlyForDeploymentPostprocessing = 0;
		};
/* End PBXFrameworksBuildPhase section */

/* Begin PBXGroup section */
		AE4C73D420F74F7200156158 = {
			isa = PBXGroup;
			children = (
				AE4C73DF20F74F7200156158 /* Car Park Reminder App */,
				AE4C73DE20F74F7200156158 /* Products */,
			);
			sourceTree = "<group>";
		};
		AE4C73DE20F74F7200156158 /* Products */ = {
			isa = PBXGroup;
			children = (
				AE4C73DD20F74F7200156158 /* Car Park Reminder App.app */,
			);
			name = Products;
			sourceTree = "<group>";
		};
		AE4C73DF20F74F7200156158 /* Car Park Reminder App */ = {
			isa = PBXGroup;
			children = (
				AE4C73E020F74F7200156158 /* AppDelegate.swift */,
				AE4C73E220F74F7200156158 /* ViewController.swift */,
				AE4C73E420F74F7200156158 /* Main.storyboard */,
				AE4C73E720F74F7400156158 /* Assets.xcassets */,
				AE4C73F420F76FCA00156158 /* Sounds */,
				AE4C73E920F74F7400156158 /* LaunchScreen.storyboard */,
				AE4C73EC20F74F7400156158 /* Info.plist */,
			);
			path = "Car Park Reminder App";
			sourceTree = "<group>";
		};
		AE4C73F420F76FCA00156158 /* Sounds */ = {
			isa = PBXGroup;
			children = (
				AE4C73F920F7818F00156158 /* alarm_beep.wav */,
				AE4D92262266662E002E715B /* parkingReminderSound.wav */,
			);
			path = Sounds;
			sourceTree = "<group>";
		};
/* End PBXGroup section */

/* Begin PBXNativeTarget section */
		AE4C73DC20F74F7200156158 /* Car Park Reminder App */ = {
			isa = PBXNativeTarget;
			buildConfigurationList = AE4C73EF20F74F7400156158 /* Build configuration list for PBXNativeTarget "Car Park Reminder App" */;
			buildPhases = (
				AE4C73D920F74F7200156158 /* Sources */,
				AE4C73DA20F74F7200156158 /* Frameworks */,
				AE4C73DB20F74F7200156158 /* Resources */,
			);
			buildRules = (
			);
			dependencies = (
			);
			name = "Car Park Reminder App";
			productName = "Car Park Reminder App";
			productReference = AE4C73DD20F74F7200156158 /* Car Park Reminder App.app */;
			productType = "com.apple.product-type.application";
		};
/* End PBXNativeTarget section */

/* Begin PBXProject section */
		AE4C73D520F74F7200156158 /* Project object */ = {
			isa = PBXProject;
			attributes = {
				LastSwiftUpdateCheck = 0940;
				LastUpgradeCheck = 0940;
				ORGANIZATIONNAME = "Jonathan Oakes";
				TargetAttributes = {
					AE4C73DC20F74F7200156158 = {
						CreatedOnToolsVersion = 9.4.1;
						LastSwiftMigration = 1020;
					};
				};
			};
			buildConfigurationList = AE4C73D820F74F7200156158 /* Build configuration list for PBXProject "Car Park Reminder App" */;
			compatibilityVersion = "Xcode 9.3";
			developmentRegion = en;
			hasScannedForEncodings = 0;
			knownRegions = (
				en,
				Base,
			);
			mainGroup = AE4C73D420F74F7200156158;
			productRefGroup = AE4C73DE20F74F7200156158 /* Products */;
			projectDirPath = "";
			projectRoot = "";
			targets = (
				AE4C73DC20F74F7200156158 /* Car Park Reminder App */,
			);
		};
/* End PBXProject section */

/* Begin PBXResourcesBuildPhase section */
		AE4C73DB20F74F7200156158 /* Resources */ = {
			isa = PBXResourcesBuildPhase;
			buildActionMask = 2147483647;
			files = (
				AE4D92272266662E002E715B /* parkingReminderSound.wav in Resources */,
				AE4C73EB20F74F7400156158 /* LaunchScreen.storyboard in Resources */,
				AE4C73E820F74F7400156158 /* Assets.xcassets in Resources */,
				AE4C73FA20F7818F00156158 /* alarm_beep.wav in Resources */,
				AE4C73E620F74F7200156158 /* Main.storyboard in Resources */,
			);
			runOnlyForDeploymentPostprocessing = 0;
		};
/* End PBXResourcesBuildPhase section */

/* Begin PBXSourcesBuildPhase section */
		AE4C73D920F74F7200156158 /* Sources */ = {
			isa = PBXSourcesBuildPhase;
			buildActionMask = 2147483647;
			files = (
				AE4C73E320F74F7200156158 /* ViewController.swift in Sources */,
				AE4C73E120F74F7200156158 /* AppDelegate.swift in Sources */,
			);
			runOnlyForDeploymentPostprocessing = 0;
		};
/* End PBXSourcesBuildPhase section */

/* Begin PBXVariantGroup section */
		AE4C73E420F74F7200156158 /* Main.storyboard */ = {
			isa = PBXVariantGroup;
			children = (
				AE4C73E520F74F7200156158 /* Base */,
			);
			name = Main.storyboard;
			sourceTree = "<group>";
		};
		AE4C73E920F74F7400156158 /* LaunchScreen.storyboard */ = {
			isa = PBXVariantGroup;
			children = (
				AE4C73EA20F74F7400156158 /* Base */,
			);
			name = LaunchScreen.storyboard;
			sourceTree = "<group>";
		};
/* End PBXVariantGroup section */

/* Begin XCBuildConfiguration section */
		AE4C73ED20F74F7400156158 /* Debug */ = {
			isa = XCBuildConfiguration;
			buildSettings = {
				ALWAYS_SEARCH_USER_PATHS = NO;
				CLANG_ANALYZER_NONNULL = YES;
				CLANG_ANALYZER_NUMBER_OBJECT_CONVERSION = YES_AGGRESSIVE;
				CLANG_CXX_LANGUAGE_STANDARD = "gnu++14";
				CLANG_CXX_LIBRARY = "libc++";
				CLANG_ENABLE_MODULES = YES;
				CLANG_ENABLE_OBJC_ARC = YES;
				CLANG_ENABLE_OBJC_WEAK = YES;
				CLANG_WARN_BLOCK_CAPTURE_AUTORELEASING = YES;
				CLANG_WARN_BOOL_CONVERSION = YES;
				CLANG_WARN_COMMA = YES;
				CLANG_WARN_CONSTANT_CONVERSION = YES;
				CLANG_WARN_DEPRECATED_OBJC_IMPLEMENTATIONS = YES;
				CLANG_WARN_DIRECT_OBJC_ISA_USAGE = YES_ERROR;
				CLANG_WARN_DOCUMENTATION_COMMENTS = YES;
				CLANG_WARN_EMPTY_BODY = YES;
				CLANG_WARN_ENUM_CONVERSION = YES;
				CLANG_WARN_INFINITE_RECURSION = YES;
				CLANG_WARN_INT_CONVERSION = YES;
				CLANG_WARN_NON_LITERAL_NULL_CONVERSION = YES;
				CLANG_WARN_OBJC_IMPLICIT_RETAIN_SELF = YES;
				CLANG_WARN_OBJC_LITERAL_CONVERSION = YES;
				CLANG_WARN_OBJC_ROOT_CLASS = YES_ERROR;
				CLANG_WARN_RANGE_LOOP_ANALYSIS = YES;
				CLANG_WARN_STRICT_PROTOTYPES = YES;
				CLANG_WARN_SUSPICIOUS_MOVE = YES;
				CLANG_WARN_UNGUARDED_AVAILABILITY = YES_AGGRESSIVE;
				CLANG_WARN_UNREACHABLE_CODE = YES;
				CLANG_WARN__DUPLICATE_METHOD_MATCH = YES;
				CODE_SIGN_IDENTITY = "iPhone Developer";
				COPY_PHASE_STRIP = NO;
				DEBUG_INFORMATION_FORMAT = dwarf;
				ENABLE_STRICT_OBJC_MSGSEND = YES;
				ENABLE_TESTABILITY = YES;
				GCC_C_LANGUAGE_STANDARD = gnu11;
				GCC_DYNAMIC_NO_PIC = NO;
				GCC_NO_COMMON_BLOCKS = YES;
				GCC_OPTIMIZATION_LEVEL = 0;
				GCC_PREPROCESSOR_DEFINITIONS = (
					"DEBUG=1",
					"$(inherited)",
				);
				GCC_WARN_64_TO_32_BIT_CONVERSION = YES;
				GCC_WARN_ABOUT_RETURN_TYPE = YES_ERROR;
				GCC_WARN_UNDECLARED_SELECTOR = YES;
				GCC_WARN_UNINITIALIZED_AUTOS = YES_AGGRESSIVE;
				GCC_WARN_UNUSED_FUNCTION = YES;
				GCC_WARN_UNUSED_VARIABLE = YES;
				IPHONEOS_DEPLOYMENT_TARGET = 11.4;
				MTL_ENABLE_DEBUG_INFO = YES;
				ONLY_ACTIVE_ARCH = YES;
				SDKROOT = iphoneos;
				SWIFT_ACTIVE_COMPILATION_CONDITIONS = DEBUG;
				SWIFT_OPTIMIZATION_LEVEL = "-Onone";
			};
			name = Debug;
		};
		AE4C73EE20F74F7400156158 /* Release */ = {
			isa = XCBuildConfiguration;
			buildSettings = {
				ALWAYS_SEARCH_USER_PATHS = NO;
				CLANG_ANALYZER_NONNULL = YES;
				CLANG_ANALYZER_NUMBER_OBJECT_CONVERSION = YES_AGGRESSIVE;
				CLANG_CXX_LANGUAGE_STANDARD = "gnu++14";
				CLANG_CXX_LIBRARY = "libc++";
				CLANG_ENABLE_MODULES = YES;
				CLANG_ENABLE_OBJC_ARC = YES;
				CLANG_ENABLE_OBJC_WEAK = YES;
				CLANG_WARN_BLOCK_CAPTURE_AUTORELEASING = YES;
				CLANG_WARN_BOOL_CONVERSION = YES;
				CLANG_WARN_COMMA = YES;
				CLANG_WARN_CONSTANT_CONVERSION = YES;
				CLANG_WARN_DEPRECATED_OBJC_IMPLEMENTATIONS = YES;
				CLANG_WARN_DIRECT_OBJC_ISA_USAGE = YES_ERROR;
				CLANG_WARN_DOCUMENTATION_COMMENTS = YES;
				CLANG_WARN_EMPTY_BODY = YES;
				CLANG_WARN_ENUM_CONVERSION = YES;
				CLANG_WARN_INFINITE_RECURSION = YES;
				CLANG_WARN_INT_CONVERSION = YES;
				CLANG_WARN_NON_LITERAL_NULL_CONVERSION = YES;
				CLANG_WARN_OBJC_IMPLICIT_RETAIN_SELF = YES;
				CLANG_WARN_OBJC_LITERAL_CONVERSION = YES;
				CLANG_WARN_OBJC_ROOT_CLASS = YES_ERROR;
				CLANG_WARN_RANGE_LOOP_ANALYSIS = YES;
				CLANG_WARN_STRICT_PROTOTYPES = YES;
				CLANG_WARN_SUSPICIOUS_MOVE = YES;
				CLANG_WARN_UNGUARDED_AVAILABILITY = YES_AGGRESSIVE;
				CLANG_WARN_UNREACHABLE_CODE = YES;
				CLANG_WARN__DUPLICATE_METHOD_MATCH = YES;
				CODE_SIGN_IDENTITY = "iPhone Developer";
				COPY_PHASE_STRIP = NO;
				DEBUG_INFORMATION_FORMAT = "dwarf-with-dsym";
				ENABLE_NS_ASSERTIONS = NO;
				ENABLE_STRICT_OBJC_MSGSEND = YES;
				GCC_C_LANGUAGE_STANDARD = gnu11;
				GCC_NO_COMMON_BLOCKS = YES;
				GCC_WARN_64_TO_32_BIT_CONVERSION = YES;
				GCC_WARN_ABOUT_RETURN_TYPE = YES_ERROR;
				GCC_WARN_UNDECLARED_SELECTOR = YES;
				GCC_WARN_UNINITIALIZED_AUTOS = YES_AGGRESSIVE;
				GCC_WARN_UNUSED_FUNCTION = YES;
				GCC_WARN_UNUSED_VARIABLE = YES;
				IPHONEOS_DEPLOYMENT_TARGET = 11.4;
				MTL_ENABLE_DEBUG_INFO = NO;
				SDKROOT = iphoneos;
				SWIFT_COMPILATION_MODE = wholemodule;
				SWIFT_OPTIMIZATION_LEVEL = "-O";
				VALIDATE_PRODUCT = YES;
			};
			name = Release;
		};
		AE4C73F020F74F7400156158 /* Debug */ = {
			isa = XCBuildConfiguration;
			buildSettings = {
				ASSETCATALOG_COMPILER_APPICON_NAME = AppIcon;
				CODE_SIGN_STYLE = Automatic;
				DEVELOPMENT_TEAM = PK84HMGTL3;
				INFOPLIST_FILE = "Car Park Reminder App/Info.plist";
				IPHONEOS_DEPLOYMENT_TARGET = 11.0;
				LD_RUNPATH_SEARCH_PATHS = (
					"$(inherited)",
					"@executable_path/Frameworks",
				);
				PRODUCT_BUNDLE_IDENTIFIER = "com.jonathanoakes.Car-Park-Reminder-App";
				PRODUCT_NAME = "$(TARGET_NAME)";
				SWIFT_VERSION = 5.0;
				TARGETED_DEVICE_FAMILY = 1;
			};
			name = Debug;
		};
		AE4C73F120F74F7400156158 /* Release */ = {
			isa = XCBuildConfiguration;
			buildSettings = {
				ASSETCATALOG_COMPILER_APPICON_NAME = AppIcon;
				CODE_SIGN_STYLE = Automatic;
				DEVELOPMENT_TEAM = PK84HMGTL3;
				INFOPLIST_FILE = "Car Park Reminder App/Info.plist";
				IPHONEOS_DEPLOYMENT_TARGET = 11.0;
				LD_RUNPATH_SEARCH_PATHS = (
					"$(inherited)",
					"@executable_path/Frameworks",
				);
				PRODUCT_BUNDLE_IDENTIFIER = "com.jonathanoakes.Car-Park-Reminder-App";
				PRODUCT_NAME = "$(TARGET_NAME)";
				SWIFT_VERSION = 5.0;
				TARGETED_DEVICE_FAMILY = 1;
			};
			name = Release;
		};
/* End XCBuildConfiguration section */

/* Begin XCConfigurationList section */
		AE4C73D820F74F7200156158 /* Build configuration list for PBXProject "Car Park Reminder App" */ = {
			isa = XCConfigurationList;
			buildConfigurations = (
				AE4C73ED20F74F7400156158 /* Debug */,
				AE4C73EE20F74F7400156158 /* Release */,
			);
			defaultConfigurationIsVisible = 0;
			defaultConfigurationName = Release;
		};
		AE4C73EF20F74F7400156158 /* Build configuration list for PBXNativeTarget "Car Park Reminder App" */ = {
			isa = XCConfigurationList;
			buildConfigurations = (
				AE4C73F020F74F7400156158 /* Debug */,
				AE4C73F120F74F7400156158 /* Release */,
			);
			defaultConfigurationIsVisible = 0;
			defaultConfigurationName = Release;
		};
/* End XCConfigurationList section */
	};
	rootObject = AE4C73D520F74F7200156158 /* Project object */;
}
